<Solution>
  <Folder Name="/src/">
    <Project Path="src/Runesmith.Text/Runesmith.Text.csproj" />
    <Project Path="src/Runesmith.Lsp/Runesmith.Lsp.csproj" />
    <Project Path="src/Runesmith.LanguageServices/Runesmith.LanguageServices.csproj" />
    <Project Path="src/Runesmith.Languages.CSharp/Runesmith.Languages.CSharp.csproj" />
    <Project Path="src/Runesmith.Languages.Java.Syntax/Runesmith.Languages.Java.Syntax.csproj" />
    <Project Path="src/Runesmith.Languages.Java/Runesmith.Languages.Java.csproj" />
    <Project Path="src/Runesmith.LanguageServer/Runesmith.LanguageServer.csproj" />
    <Project Path="src/Runesmith.Sdk/Runesmith.Sdk.csproj" />
    <Project Path="src/Runesmith.Composition/Runesmith.Composition.csproj" />
    <Project Path="src/Runesmith.Hub/Runesmith.Hub.csproj" />
    <Project Path="src/Runesmith.Workspace/Runesmith.Workspace.csproj" />
    <Project Path="src/Runesmith.Languages/Runesmith.Languages.csproj" />
    <Project Path="src/Runesmith.Editor/Runesmith.Editor.csproj" />
    <Project Path="src/Runesmith.Shell/Runesmith.Shell.csproj" />
    <Project Path="src/Runesmith.App/Runesmith.App.csproj" />
  </Folder>
  <Folder Name="/tools/">
    <Project Path="tools/Runesmith.BundledPlugins/Runesmith.BundledPlugins.csproj" />
  </Folder>
  <Folder Name="/templates/">
    <Project Path="templates/Runesmith.Templates/Runesmith.Templates.csproj" />
  </Folder>
  <Folder Name="/tests/">
    <Project Path="tests/Runesmith.Text.Tests/Runesmith.Text.Tests.csproj" />
    <Project Path="tests/Runesmith.Sdk.Tests/Runesmith.Sdk.Tests.csproj" />
    <Project Path="tests/Runesmith.Lsp.Tests/Runesmith.Lsp.Tests.csproj" />
    <Project Path="tests/Runesmith.LanguageServices.Tests/Runesmith.LanguageServices.Tests.csproj" />
    <Project Path="tests/Runesmith.Languages.CSharp.Tests/Runesmith.Languages.CSharp.Tests.csproj" />
    <Project Path="tests/Runesmith.Languages.Java.Syntax.Tests/Runesmith.Languages.Java.Syntax.Tests.csproj" />
    <Project Path="tests/Runesmith.Languages.Java.Tests/Runesmith.Languages.Java.Tests.csproj" />
    <Project Path="tests/Runesmith.LanguageServer.Tests/Runesmith.LanguageServer.Tests.csproj" />
    <Project Path="tests/Runesmith.Composition.Tests/Runesmith.Composition.Tests.csproj" />
    <Project Path="tests/Runesmith.Hub.Tests/Runesmith.Hub.Tests.csproj" />
    <Project Path="tests/Runesmith.Workspace.Tests/Runesmith.Workspace.Tests.csproj" />
    <Project Path="tests/Runesmith.Languages.Tests/Runesmith.Languages.Tests.csproj" />
    <Project Path="tests/Runesmith.Editor.Tests/Runesmith.Editor.Tests.csproj" />
    <Project Path="tests/Runesmith.Shell.Tests/Runesmith.Shell.Tests.csproj" />
    <Project Path="tests/Runesmith.App.Tests/Runesmith.App.Tests.csproj" />
  </Folder>
  <Folder Name="/benchmarks/">
    <Project Path="benchmarks/Runesmith.Benchmarks/Runesmith.Benchmarks.csproj" />
    <Project Path="benchmarks/Runesmith.TypingBenchmark/Runesmith.TypingBenchmark.csproj" />
  </Folder>
</Solution>
